{
  "nodes": {
    "dolphin-overlay": {
      "inputs": {
        "nixpkgs": [
          "nixpkgs"
        ]
      },
      "locked": {
        "lastModified": 1775943689,
        "narHash": "sha256-0XBCoR1L5gYmh8VqZu0HcHsL4GeGXQMC0f3ARshf/rk=",
        "owner": "rumboon",
        "repo": "dolphin-overlay",
        "rev": "c32758737a0cb02d0bf380753d11df1b8537a944",
        "type": "github"
      },
      "original": {
        "owner": "rumboon",
        "repo": "dolphin-overlay",
        "type": "github"
      }
    },
    "flake-compat": {
      "flake": false,
      "locked": {
        "lastModified": 1767039857,
        "narHash": "sha256-vNpUSpF5Nuw8xvDLj2KCwwksIbjua2LZCqhV1LNRDns=",
        "owner": "edolstra",
        "repo": "flake-compat",
        "rev": "5edf11c44bc78a0d334f6334cdaf7d60d732daab",
        "type": "github"
      },
      "original": {
        "owner": "edolstra",
        "repo": "flake-compat",
        "type": "github"
      }
    },
    "flake-parts": {
      "inputs": {
        "nixpkgs-lib": [
          "neovim-nightly",
          "nixpkgs"
        ]
      },
      "locked": {
        "lastModified": 1778716662,
        "narHash": "sha256-m1Yf0wZ8j1OHjTc2UwHwyQRSnNeSgLJOd7q5Y45hzi4=",
        "owner": "hercules-ci",
        "repo": "flake-parts",
        "rev": "f7c1a2d347e4c52d5fb8d10cb4d94b5884e546fb",
        "type": "github"
      },
      "original": {
        "owner": "hercules-ci",
        "repo": "flake-parts",
        "type": "github"
      }
    },
    "home-manager": {
      "inputs": {
        "nixpkgs": [
          "nixpkgs"
        ]
      },
      "locked": {
        "lastModified": 1779506708,
        "narHash": "sha256-QOD/CNm196nCJRheux/URi4/HE66fthdOMqCJoPP1Y0=",
        "owner": "nix-community",
        "repo": "home-manager",
        "rev": "3ee51fbdac8c8bdfe1e7e1fcaba6520a563f394f",
        "type": "github"
      },
      "original": {
        "owner": "nix-community",
        "ref": "release-25.11",
        "repo": "home-manager",
        "type": "github"
      }
    },
    "neovim-nightly": {
      "inputs": {
        "flake-parts": "flake-parts",
        "neovim-src": "neovim-src",
        "nixpkgs": [
          "nixpkgs-unstable"
        ]
      },
      "locked": {
        "lastModified": 1779494629,
        "narHash": "sha256-VuZJ76qmY90clvY6RQfAPL5JHwhcf1jmyqBfKR7WQ7Q=",
        "owner": "nix-community",
        "repo": "neovim-nightly-overlay",
        "rev": "9b46852004ed151b36e424de6d529a231c622561",
        "type": "github"
      },
      "original": {
        "owner": "nix-community",
        "repo": "neovim-nightly-overlay",
        "type": "github"
      }
    },
    "neovim-src": {
      "flake": false,
      "locked": {
        "lastModified": 1779493669,
        "narHash": "sha256-09xuVobnmU/uZLUZLr/lb3tir2v0lwWEj92gGuJIdKU=",
        "owner": "neovim",
        "repo": "neovim",
        "rev": "f53d9ac90b7a5a0eefb22398a8ce4e249a3fc732",
        "type": "github"
      },
      "original": {
        "owner": "neovim",
        "repo": "neovim",
        "type": "github"
      }
    },
    "nixos-wsl": {
      "inputs": {
        "flake-compat": "flake-compat",
        "nixpkgs": [
          "nixpkgs-unstable"
        ]
      },
      "locked": {
        "lastModified": 1777732699,
        "narHash": "sha256-2uX/XtOWZ/oy2rerRynVhqVA//ZXZ3Fo60PikLHEPQc=",
        "owner": "nix-community",
        "repo": "NixOS-WSL",
        "rev": "5482f113fd31ebac131d1ebeb2ae90bf0d5e41f5",
        "type": "github"
      },
      "original": {
        "owner": "nix-community",
        "repo": "NixOS-WSL",
        "type": "github"
      }
    },
    "nixpkgs": {
      "locked": {
        "lastModified": 1779102034,
        "narHash": "sha256-vZJZjLo513IeI8hjzHFc6TDezUd4uCE2Eq4SNO3DNNg=",
        "owner": "NixOS",
        "repo": "nixpkgs",
        "rev": "687f05a9184cad4eaf905c48b63649e3a86f5433",
        "type": "github"
      },
      "original": {
        "owner": "NixOS",
        "ref": "nixos-25.11",
        "repo": "nixpkgs",
        "type": "github"
      }
    },
    "nixpkgs-new": {
      "locked": {
        "lastModified": 1779102034,
        "narHash": "sha256-vZJZjLo513IeI8hjzHFc6TDezUd4uCE2Eq4SNO3DNNg=",
        "owner": "NixOS",
        "repo": "nixpkgs",
        "rev": "687f05a9184cad4eaf905c48b63649e3a86f5433",
        "type": "github"
      },
      "original": {
        "owner": "NixOS",
        "ref": "nixos-25.11",
        "repo": "nixpkgs",
        "type": "github"
      }
    },
    "nixpkgs-unstable": {
      "locked": {
        "lastModified": 1779508470,
        "narHash": "sha256-Ap9KJX+5xHIn3bPIpfNgT6MEXdAECECwo4/rmlQD74M=",
        "owner": "NixOS",
        "repo": "nixpkgs",
        "rev": "29916453413845e54a65b8a1cf996842300cd299",
        "type": "github"
      },
      "original": {
        "owner": "NixOS",
        "ref": "nixos-unstable",
        "repo": "nixpkgs",
        "type": "github"
      }
    },
    "root": {
      "inputs": {
        "dolphin-overlay": "dolphin-overlay",
        "home-manager": "home-manager",
        "neovim-nightly": "neovim-nightly",
        "nixos-wsl": "nixos-wsl",
        "nixpkgs": "nixpkgs",
        "nixpkgs-new": "nixpkgs-new",
        "nixpkgs-unstable": "nixpkgs-unstable"
      }
    }
  },
  "root": "root",
  "version": 7
}
